PODS:
  - AKWeiboManager (0.1.0):
    - AKWeiboSDK
  - AKWeiboSDK (0.1.0)

DEPENDENCIES:
  - AKWeiboManager (from `../`)
  - AKWeiboSDK (from `../../AKWeiboSDK`)

EXTERNAL SOURCES:
  AKWeiboManager:
    :path: "../"
  AKWeiboSDK:
    :path: "../../AKWeiboSDK"

SPEC CHECKSUMS:
  AKWeiboManager: d986dba82444612675900899167173c5ea7cd0dc
  AKWeiboSDK: 0d8e5eea7f344e87f657375e308f09b2f6495a93

PODFILE CHECKSUM: 27e2e00059610c8d0b014e7f0e8e0571fe251fe9

COCOAPODS: 1.2.1
