PODS:
  - AKWeiboManager (0.1.0):
    - AKWeiboSDK
  - AKWeiboSDK (0.1.0)

DEPENDENCIES:
  - AKWeiboManager (from `../`)
  - AKWeiboSDK (from `../../AKWeiboSDK`)

EXTERNAL SOURCES:
  AKWeiboManager:
    :path: ../
  AKWeiboSDK:
    :path: ../../AKWeiboSDK

SPEC CHECKSUMS:
  AKWeiboManager: f1c2c63f9426839fa87de801964f834101d80088
  AKWeiboSDK: e85ba270f1460373dbd61f415760226dd769fa4b

PODFILE CHECKSUM: 27e2e00059610c8d0b014e7f0e8e0571fe251fe9

COCOAPODS: 1.1.1
